
Microsoft Visual Studio Solution File, Format Version 12.00
# Visual Studio Version 17
VisualStudioVersion = 17.6.33723.286
MinimumVisualStudioVersion = 10.0.40219.1
Project("{9A19103F-16F7-4668-BE54-9A1E7A4F7556}") = "EntityLayer", "EntityLayer\EntityLayer.csproj", "{27EF70D3-AFF9-4235-961E-544479CEA1A9}"
EndProject
Project("{9A19103F-16F7-4668-BE54-9A1E7A4F7556}") = "DataAccessLayer", "DataAccessLayer\DataAccessLayer.csproj", "{D57477F3-DE77-4A7F-A583-DC1ED7B3538C}"
EndProject
Project("{9A19103F-16F7-4668-BE54-9A1E7A4F7556}") = "BusinessLayer", "BusinessLayer\BusinessLayer.csproj", "{B6BF53AA-CAC1-4DE9-BBB8-70AFB62E1288}"
EndProject
Project("{9A19103F-16F7-4668-BE54-9A1E7A4F7556}") = "PresentationLayer", "PresentationLayer\PresentationLayer.csproj", "{9F1CDE48-EA09-4BFC-9F61-91B541B6B284}"
EndProject
Project("{FAE04EC0-301F-11D3-BF4B-00C04F79EFBC}") = "Tools", "Tools\Tools.csproj", "{BFD128C8-0EF9-48F3-91EB-5574B722FBC8}"
EndProject
Global
	GlobalSection(SolutionConfigurationPlatforms) = preSolution
		Debug|Any CPU = Debug|Any CPU
		Release|Any CPU = Release|Any CPU
	EndGlobalSection
	GlobalSection(ProjectConfigurationPlatforms) = postSolution
		{27EF70D3-AFF9-4235-961E-544479CEA1A9}.Debug|Any CPU.ActiveCfg = Debug|Any CPU
		{27EF70D3-AFF9-4235-961E-544479CEA1A9}.Debug|Any CPU.Build.0 = Debug|Any CPU
		{27EF70D3-AFF9-4235-961E-544479CEA1A9}.Release|Any CPU.ActiveCfg = Release|Any CPU
		{27EF70D3-AFF9-4235-961E-544479CEA1A9}.Release|Any CPU.Build.0 = Release|Any CPU
		{D57477F3-DE77-4A7F-A583-DC1ED7B3538C}.Debug|Any CPU.ActiveCfg = Debug|Any CPU
		{D57477F3-DE77-4A7F-A583-DC1ED7B3538C}.Debug|Any CPU.Build.0 = Debug|Any CPU
		{D57477F3-DE77-4A7F-A583-DC1ED7B3538C}.Release|Any CPU.ActiveCfg = Release|Any CPU
		{D57477F3-DE77-4A7F-A583-DC1ED7B3538C}.Release|Any CPU.Build.0 = Release|Any CPU
		{B6BF53AA-CAC1-4DE9-BBB8-70AFB62E1288}.Debug|Any CPU.ActiveCfg = Debug|Any CPU
		{B6BF53AA-CAC1-4DE9-BBB8-70AFB62E1288}.Debug|Any CPU.Build.0 = Debug|Any CPU
		{B6BF53AA-CAC1-4DE9-BBB8-70AFB62E1288}.Release|Any CPU.ActiveCfg = Release|Any CPU
		{B6BF53AA-CAC1-4DE9-BBB8-70AFB62E1288}.Release|Any CPU.Build.0 = Release|Any CPU
		{9F1CDE48-EA09-4BFC-9F61-91B541B6B284}.Debug|Any CPU.ActiveCfg = Debug|Any CPU
		{9F1CDE48-EA09-4BFC-9F61-91B541B6B284}.Debug|Any CPU.Build.0 = Debug|Any CPU
		{9F1CDE48-EA09-4BFC-9F61-91B541B6B284}.Release|Any CPU.ActiveCfg = Release|Any CPU
		{9F1CDE48-EA09-4BFC-9F61-91B541B6B284}.Release|Any CPU.Build.0 = Release|Any CPU
		{BFD128C8-0EF9-48F3-91EB-5574B722FBC8}.Debug|Any CPU.ActiveCfg = Debug|Any CPU
		{BFD128C8-0EF9-48F3-91EB-5574B722FBC8}.Debug|Any CPU.Build.0 = Debug|Any CPU
		{BFD128C8-0EF9-48F3-91EB-5574B722FBC8}.Release|Any CPU.ActiveCfg = Release|Any CPU
		{BFD128C8-0EF9-48F3-91EB-5574B722FBC8}.Release|Any CPU.Build.0 = Release|Any CPU
	EndGlobalSection
	GlobalSection(SolutionProperties) = preSolution
		HideSolutionNode = FALSE
	EndGlobalSection
	GlobalSection(ExtensibilityGlobals) = postSolution
		SolutionGuid = {0376002D-07B2-4BCA-84C6-A4120710F347}
	EndGlobalSection
EndGlobal
